
Microsoft Visual Studio Solution File, Format Version 12.00
# Visual Studio Version 17
VisualStudioVersion = 17.11.35327.3
MinimumVisualStudioVersion = 10.0.40219.1
Project("{FAE04EC0-301F-11D3-BF4B-00C04F79EFBC}") = "Tool2Go", "Tool2Go.csproj", "{62B5FFB2-3B77-43FD-B25A-774A44B717DD}"
EndProject
Global
	GlobalSection(SolutionConfigurationPlatforms) = preSolution
		Debug|Any CPU = Debug|Any CPU
		Release|Any CPU = Release|Any CPU
	EndGlobalSection
	GlobalSection(ProjectConfigurationPlatforms) = postSolution
		{62B5FFB2-3B77-43FD-B25A-774A44B717DD}.Debug|Any CPU.ActiveCfg = Debug|Any CPU
		{62B5FFB2-3B77-43FD-B25A-774A44B717DD}.Debug|Any CPU.Build.0 = Debug|Any CPU
		{62B5FFB2-3B77-43FD-B25A-774A44B717DD}.Release|Any CPU.ActiveCfg = Release|Any CPU
		{62B5FFB2-3B77-43FD-B25A-774A44B717DD}.Release|Any CPU.Build.0 = Release|Any CPU
	EndGlobalSection
	GlobalSection(SolutionProperties) = preSolution
		HideSolutionNode = FALSE
	EndGlobalSection
	GlobalSection(ExtensibilityGlobals) = postSolution
		SolutionGuid = {389A47EB-F95B-48F9-B1B2-6D8FCFFFAD73}
	EndGlobalSection
EndGlobal
